
Microsoft Visual Studio Solution File, Format Version 12.00
# Visual Studio Version 17
VisualStudioVersion = 17.0.31919.166
MinimumVisualStudioVersion = 10.0.40219.1
Project("{FAE04EC0-301F-11D3-BF4B-00C04F79EFBC}") = "DoubleLStore.WebApp", "DoubleLStore.WebApp\DoubleLStore.WebApp.csproj", "{755CC7FA-CEB3-49A6-AB64-197DF6A2448F}"
EndProject
Global
	GlobalSection(SolutionConfigurationPlatforms) = preSolution
		Debug|Any CPU = Debug|Any CPU
		Release|Any CPU = Release|Any CPU
	EndGlobalSection
	GlobalSection(ProjectConfigurationPlatforms) = postSolution
		{755CC7FA-CEB3-49A6-AB64-197DF6A2448F}.Debug|Any CPU.ActiveCfg = Debug|Any CPU
		{755CC7FA-CEB3-49A6-AB64-197DF6A2448F}.Debug|Any CPU.Build.0 = Debug|Any CPU
		{755CC7FA-CEB3-49A6-AB64-197DF6A2448F}.Release|Any CPU.ActiveCfg = Release|Any CPU
		{755CC7FA-CEB3-49A6-AB64-197DF6A2448F}.Release|Any CPU.Build.0 = Release|Any CPU
	EndGlobalSection
	GlobalSection(SolutionProperties) = preSolution
		HideSolutionNode = FALSE
	EndGlobalSection
	GlobalSection(ExtensibilityGlobals) = postSolution
		SolutionGuid = {5DE5B921-A149-4F79-A853-B5FCA2E2EEB5}
	EndGlobalSection
EndGlobal
